# Generated by pub
# See https://dart.dev/tools/pub/glossary#lockfile
packages:
  dart_reflection_test:
    dependency: "direct main"
    description:
      path: "."
      ref: HEAD
      resolved-ref: "0dfc20746a6150e069ff92611d8f136cc5a0dd52"
      url: "https://github.com/ibonny/dart_reflection_test.git"
    source: git
    version: "0.0.0"
  ini:
    dependency: transitive
    description:
      name: ini
      url: "https://pub.dartlang.org"
    source: hosted
    version: "2.0.1"
  intl:
    dependency: transitive
    description:
      name: intl
      url: "https://pub.dartlang.org"
    source: hosted
    version: "0.16.1"
  logging:
    dependency: transitive
    description:
      name: logging
      url: "https://pub.dartlang.org"
    source: hosted
    version: "0.11.4"
  path:
    dependency: transitive
    description:
      name: path
      url: "https://pub.dartlang.org"
    source: hosted
    version: "1.7.0"
  quiver_log:
    dependency: "direct main"
    description:
      name: quiver_log
      url: "https://pub.dartlang.org"
    source: hosted
    version: "1.0.6"
  stack_trace:
    dependency: transitive
    description:
      name: stack_trace
      url: "https://pub.dartlang.org"
    source: hosted
    version: "1.9.3"
sdks:
  dart: ">=2.5.0 <3.0.0"
